// !$*UTF8*$!
{
	archiveVersion = 1;
	classes = {
	};
	objectVersion = 46;
	objects = {

/* Begin PBXBuildFile section */
		077D89EA1BD275B900C53D55 /* OptionKit.framework in Frameworks */ = {isa = PBXBuildFile; fileRef = 077D89E91BD275B900C53D55 /* OptionKit.framework */; };
		077D89EB1BD2769F00C53D55 /* OptionKit.framework in CopyFiles */ = {isa = PBXBuildFile; fileRef = 077D89E91BD275B900C53D55 /* OptionKit.framework */; settings = {ATTRIBUTES = (CodeSignOnCopy, RemoveHeadersOnCopy, ); }; };
		07A37EFD1BCEAADC007ADB0E /* main.swift in Sources */ = {isa = PBXBuildFile; fileRef = 07A37EFC1BCEAADC007ADB0E /* main.swift */; };
		07C1513A1BD21E8E00EA8034 /* CoreGraphics.framework in Frameworks */ = {isa = PBXBuildFile; fileRef = 07C151391BD21E8E00EA8034 /* CoreGraphics.framework */; };
/* End PBXBuildFile section */

/* Begin PBXCopyFilesBuildPhase section */
		07A37EF71BCEAADC007ADB0E /* CopyFiles */ = {
			isa = PBXCopyFilesBuildPhase;
			buildActionMask = 12;
			dstPath = "";
			dstSubfolderSpec = 10;
			files = (
				077D89EB1BD2769F00C53D55 /* OptionKit.framework in CopyFiles */,
			);
			runOnlyForDeploymentPostprocessing = 0;
		};
/* End PBXCopyFilesBuildPhase section */

/* Begin PBXFileReference section */
		077D89E91BD275B900C53D55 /* OptionKit.framework */ = {isa = PBXFileReference; lastKnownFileType = wrapper.framework; name = OptionKit.framework; path = Carthage/Build/Mac/OptionKit.framework; sourceTree = "<group>"; };
		07A37EF91BCEAADC007ADB0E /* SimRecorder */ = {isa = PBXFileReference; explicitFileType = "compiled.mach-o.executable"; includeInIndex = 0; path = SimRecorder; sourceTree = BUILT_PRODUCTS_DIR; };
		07A37EFC1BCEAADC007ADB0E /* main.swift */ = {isa = PBXFileReference; lastKnownFileType = sourcecode.swift; path = main.swift; sourceTree = "<group>"; };
		07C151391BD21E8E00EA8034 /* CoreGraphics.framework */ = {isa = PBXFileReference; lastKnownFileType = wrapper.framework; name = CoreGraphics.framework; path = System/Library/Frameworks/CoreGraphics.framework; sourceTree = SDKROOT; };
/* End PBXFileReference section */

/* Begin PBXFrameworksBuildPhase section */
		07A37EF61BCEAADC007ADB0E /* Frameworks */ = {
			isa = PBXFrameworksBuildPhase;
			buildActionMask = 2147483647;
			files = (
				07C1513A1BD21E8E00EA8034 /* CoreGraphics.framework in Frameworks */,
				077D89EA1BD275B900C53D55 /* OptionKit.framework in Frameworks */,
			);
			runOnlyForDeploymentPostprocessing = 0;
		};
/* End PBXFrameworksBuildPhase section */

/* Begin PBXGroup section */
		07A37EF01BCEAADC007ADB0E = {
			isa = PBXGroup;
			children = (
				077D89E91BD275B900C53D55 /* OptionKit.framework */,
				07C151391BD21E8E00EA8034 /* CoreGraphics.framework */,
				07A37EFB1BCEAADC007ADB0E /* SimRecorder */,
				07A37EFA1BCEAADC007ADB0E /* Products */,
			);
			sourceTree = "<group>";
		};
		07A37EFA1BCEAADC007ADB0E /* Products */ = {
			isa = PBXGroup;
			children = (
				07A37EF91BCEAADC007ADB0E /* SimRecorder */,
			);
			name = Products;
			sourceTree = "<group>";
		};
		07A37EFB1BCEAADC007ADB0E /* SimRecorder */ = {
			isa = PBXGroup;
			children = (
				07A37EFC1BCEAADC007ADB0E /* main.swift */,
			);
			path = SimRecorder;
			sourceTree = "<group>";
		};
/* End PBXGroup section */

/* Begin PBXNativeTarget section */
		07A37EF81BCEAADC007ADB0E /* SimRecorder */ = {
			isa = PBXNativeTarget;
			buildConfigurationList = 07A37F001BCEAADC007ADB0E /* Build configuration list for PBXNativeTarget "SimRecorder" */;
			buildPhases = (
				07A37EF51BCEAADC007ADB0E /* Sources */,
				07A37EF61BCEAADC007ADB0E /* Frameworks */,
				07A37EF71BCEAADC007ADB0E /* CopyFiles */,
			);
			buildRules = (
			);
			dependencies = (
			);
			name = SimRecorder;
			productName = SimRecorder;
			productReference = 07A37EF91BCEAADC007ADB0E /* SimRecorder */;
			productType = "com.apple.product-type.tool";
		};
/* End PBXNativeTarget section */

/* Begin PBXProject section */
		07A37EF11BCEAADC007ADB0E /* Project object */ = {
			isa = PBXProject;
			attributes = {
				LastUpgradeCheck = 0700;
				ORGANIZATIONNAME = giginet;
				TargetAttributes = {
					07A37EF81BCEAADC007ADB0E = {
						CreatedOnToolsVersion = 7.0.1;
					};
				};
			};
			buildConfigurationList = 07A37EF41BCEAADC007ADB0E /* Build configuration list for PBXProject "SimRecorder" */;
			compatibilityVersion = "Xcode 3.2";
			developmentRegion = English;
			hasScannedForEncodings = 0;
			knownRegions = (
				en,
			);
			mainGroup = 07A37EF01BCEAADC007ADB0E;
			productRefGroup = 07A37EFA1BCEAADC007ADB0E /* Products */;
			projectDirPath = "";
			projectRoot = "";
			targets = (
				07A37EF81BCEAADC007ADB0E /* SimRecorder */,
			);
		};
/* End PBXProject section */

/* Begin PBXSourcesBuildPhase section */
		07A37EF51BCEAADC007ADB0E /* Sources */ = {
			isa = PBXSourcesBuildPhase;
			buildActionMask = 2147483647;
			files = (
				07A37EFD1BCEAADC007ADB0E /* main.swift in Sources */,
			);
			runOnlyForDeploymentPostprocessing = 0;
		};
/* End PBXSourcesBuildPhase section */

/* Begin XCBuildConfiguration section */
		07A37EFE1BCEAADC007ADB0E /* Debug */ = {
			isa = XCBuildConfiguration;
			buildSettings = {
				ALWAYS_SEARCH_USER_PATHS = NO;
				CLANG_CXX_LANGUAGE_STANDARD = "gnu++0x";
				CLANG_CXX_LIBRARY = "libc++";
				CLANG_ENABLE_MODULES = YES;
				CLANG_ENABLE_OBJC_ARC = YES;
				CLANG_WARN_BOOL_CONVERSION = YES;
				CLANG_WARN_CONSTANT_CONVERSION = YES;
				CLANG_WARN_DIRECT_OBJC_ISA_USAGE = YES_ERROR;
				CLANG_WARN_EMPTY_BODY = YES;
				CLANG_WARN_ENUM_CONVERSION = YES;
				CLANG_WARN_INT_CONVERSION = YES;
				CLANG_WARN_OBJC_ROOT_CLASS = YES_ERROR;
				CLANG_WARN_UNREACHABLE_CODE = YES;
				CLANG_WARN__DUPLICATE_METHOD_MATCH = YES;
				COPY_PHASE_STRIP = NO;
				DEBUG_INFORMATION_FORMAT = dwarf;
				EMBEDDED_CONTENT_CONTAINS_SWIFT = YES;
				ENABLE_STRICT_OBJC_MSGSEND = YES;
				ENABLE_TESTABILITY = YES;
				GCC_C_LANGUAGE_STANDARD = gnu99;
				GCC_DYNAMIC_NO_PIC = NO;
				GCC_NO_COMMON_BLOCKS = YES;
				GCC_OPTIMIZATION_LEVEL = 0;
				GCC_PREPROCESSOR_DEFINITIONS = (
					"DEBUG=1",
					"$(inherited)",
				);
				GCC_WARN_64_TO_32_BIT_CONVERSION = YES;
				GCC_WARN_ABOUT_RETURN_TYPE = YES_ERROR;
				GCC_WARN_UNDECLARED_SELECTOR = YES;
				GCC_WARN_UNINITIALIZED_AUTOS = YES_AGGRESSIVE;
				GCC_WARN_UNUSED_FUNCTION = YES;
				GCC_WARN_UNUSED_VARIABLE = YES;
				MACOSX_DEPLOYMENT_TARGET = 10.11;
				MTL_ENABLE_DEBUG_INFO = YES;
				ONLY_ACTIVE_ARCH = YES;
				SDKROOT = macosx;
				SWIFT_OPTIMIZATION_LEVEL = "-Onone";
			};
			name = Debug;
		};
		07A37EFF1BCEAADC007ADB0E /* Release */ = {
			isa = XCBuildConfiguration;
			buildSettings = {
				ALWAYS_SEARCH_USER_PATHS = NO;
				CLANG_CXX_LANGUAGE_STANDARD = "gnu++0x";
				CLANG_CXX_LIBRARY = "libc++";
				CLANG_ENABLE_MODULES = YES;
				CLANG_ENABLE_OBJC_ARC = YES;
				CLANG_WARN_BOOL_CONVERSION = YES;
				CLANG_WARN_CONSTANT_CONVERSION = YES;
				CLANG_WARN_DIRECT_OBJC_ISA_USAGE = YES_ERROR;
				CLANG_WARN_EMPTY_BODY = YES;
				CLANG_WARN_ENUM_CONVERSION = YES;
				CLANG_WARN_INT_CONVERSION = YES;
				CLANG_WARN_OBJC_ROOT_CLASS = YES_ERROR;
				CLANG_WARN_UNREACHABLE_CODE = YES;
				CLANG_WARN__DUPLICATE_METHOD_MATCH = YES;
				COPY_PHASE_STRIP = NO;
				DEBUG_INFORMATION_FORMAT = "dwarf-with-dsym";
				EMBEDDED_CONTENT_CONTAINS_SWIFT = YES;
				ENABLE_NS_ASSERTIONS = NO;
				ENABLE_STRICT_OBJC_MSGSEND = YES;
				GCC_C_LANGUAGE_STANDARD = gnu99;
				GCC_NO_COMMON_BLOCKS = YES;
				GCC_WARN_64_TO_32_BIT_CONVERSION = YES;
				GCC_WARN_ABOUT_RETURN_TYPE = YES_ERROR;
				GCC_WARN_UNDECLARED_SELECTOR = YES;
				GCC_WARN_UNINITIALIZED_AUTOS = YES_AGGRESSIVE;
				GCC_WARN_UNUSED_FUNCTION = YES;
				GCC_WARN_UNUSED_VARIABLE = YES;
				MACOSX_DEPLOYMENT_TARGET = 10.11;
				MTL_ENABLE_DEBUG_INFO = NO;
				SDKROOT = macosx;
			};
			name = Release;
		};
		07A37F011BCEAADC007ADB0E /* Debug */ = {
			isa = XCBuildConfiguration;
			buildSettings = {
				EMBEDDED_CONTENT_CONTAINS_SWIFT = YES;
				EMBED_ASSET_PACKS_IN_PRODUCT_BUNDLE = YES;
				FRAMEWORK_SEARCH_PATHS = (
					"$(inherited)",
					"$(PROJECT_DIR)/Carthage/Build/Mac",
				);
				LD_RUNPATH_SEARCH_PATHS = "@executable_path";
				MACOSX_DEPLOYMENT_TARGET = 10.9;
				PRODUCT_NAME = "$(TARGET_NAME)";
				SDKROOT = macosx;
			};
			name = Debug;
		};
		07A37F021BCEAADC007ADB0E /* Release */ = {
			isa = XCBuildConfiguration;
			buildSettings = {
				EMBEDDED_CONTENT_CONTAINS_SWIFT = YES;
				EMBED_ASSET_PACKS_IN_PRODUCT_BUNDLE = YES;
				FRAMEWORK_SEARCH_PATHS = (
					"$(inherited)",
					"$(PROJECT_DIR)/Carthage/Build/Mac",
				);
				LD_RUNPATH_SEARCH_PATHS = "@executable_path";
				MACOSX_DEPLOYMENT_TARGET = 10.9;
				PRODUCT_NAME = "$(TARGET_NAME)";
				SDKROOT = macosx;
			};
			name = Release;
		};
/* End XCBuildConfiguration section */

/* Begin XCConfigurationList section */
		07A37EF41BCEAADC007ADB0E /* Build configuration list for PBXProject "SimRecorder" */ = {
			isa = XCConfigurationList;
			buildConfigurations = (
				07A37EFE1BCEAADC007ADB0E /* Debug */,
				07A37EFF1BCEAADC007ADB0E /* Release */,
			);
			defaultConfigurationIsVisible = 0;
			defaultConfigurationName = Release;
		};
		07A37F001BCEAADC007ADB0E /* Build configuration list for PBXNativeTarget "SimRecorder" */ = {
			isa = XCConfigurationList;
			buildConfigurations = (
				07A37F011BCEAADC007ADB0E /* Debug */,
				07A37F021BCEAADC007ADB0E /* Release */,
			);
			defaultConfigurationIsVisible = 0;
			defaultConfigurationName = Release;
		};
/* End XCConfigurationList section */
	};
	rootObject = 07A37EF11BCEAADC007ADB0E /* Project object */;
}
